
Microsoft Visual Studio Solution File, Format Version 12.00
# Visual Studio Version 17
VisualStudioVersion = 17.9.34728.123
MinimumVisualStudioVersion = 10.0.40219.1
Project("{9A19103F-16F7-4668-BE54-9A1E7A4F7556}") = "Exosuit", "Exosuit.csproj", "{58BB9DFB-1B5C-4610-B6B0-D6FBB3ED21AB}"
EndProject
Global
	GlobalSection(SolutionConfigurationPlatforms) = preSolution
		Debug|Any CPU = Debug|Any CPU
		Release|Any CPU = Release|Any CPU
	EndGlobalSection
	GlobalSection(ProjectConfigurationPlatforms) = postSolution
		{58BB9DFB-1B5C-4610-B6B0-D6FBB3ED21AB}.Debug|Any CPU.ActiveCfg = Debug|Any CPU
		{58BB9DFB-1B5C-4610-B6B0-D6FBB3ED21AB}.Debug|Any CPU.Build.0 = Debug|Any CPU
		{58BB9DFB-1B5C-4610-B6B0-D6FBB3ED21AB}.Release|Any CPU.ActiveCfg = Release|Any CPU
		{58BB9DFB-1B5C-4610-B6B0-D6FBB3ED21AB}.Release|Any CPU.Build.0 = Release|Any CPU
	EndGlobalSection
	GlobalSection(SolutionProperties) = preSolution
		HideSolutionNode = FALSE
	EndGlobalSection
	GlobalSection(ExtensibilityGlobals) = postSolution
		SolutionGuid = {17679DEF-04B0-4A31-ABF1-49EBE9096398}
	EndGlobalSection
EndGlobal
